
Microsoft Visual Studio Solution File, Format Version 12.00
# Visual Studio Version 17
VisualStudioVersion = 17.8.34511.84
MinimumVisualStudioVersion = 10.0.40219.1
Project("{2150E333-8FDC-42A3-9474-1A3956D46DE8}") = "src", "src", "{857D5EED-B488-4FC4-AB75-C176F54E8874}"
EndProject
Project("{FAE04EC0-301F-11D3-BF4B-00C04F79EFBC}") = "ListContactApp.Domain", "src\ListContactApp.Domain\ListContactApp.Domain.csproj", "{0DE1EE2E-D263-4FC2-B5CE-A4476D9C0050}"
EndProject
Project("{FAE04EC0-301F-11D3-BF4B-00C04F79EFBC}") = "ListContactApp.Aplication", "src\ListContactApp.Aplication\ListContactApp.Aplication.csproj", "{0093BCFE-2FB7-45E1-9EB3-7ECD94455A6E}"
EndProject
Project("{FAE04EC0-301F-11D3-BF4B-00C04F79EFBC}") = "ListContactApp.Infrastructure", "src\ListContactApp.Infrastructure\ListContactApp.Infrastructure.csproj", "{BB6947FC-48E6-4C3F-A692-CB68C481735C}"
EndProject
Project("{FAE04EC0-301F-11D3-BF4B-00C04F79EFBC}") = "ListContactApp.MVC", "src\ListContactApp.MVC\ListContactApp.MVC.csproj", "{B7B10E1E-031F-4896-99F2-107ADAD488C7}"
EndProject
Global
	GlobalSection(SolutionConfigurationPlatforms) = preSolution
		Debug|Any CPU = Debug|Any CPU
		Release|Any CPU = Release|Any CPU
	EndGlobalSection
	GlobalSection(ProjectConfigurationPlatforms) = postSolution
		{0DE1EE2E-D263-4FC2-B5CE-A4476D9C0050}.Debug|Any CPU.ActiveCfg = Debug|Any CPU
		{0DE1EE2E-D263-4FC2-B5CE-A4476D9C0050}.Debug|Any CPU.Build.0 = Debug|Any CPU
		{0DE1EE2E-D263-4FC2-B5CE-A4476D9C0050}.Release|Any CPU.ActiveCfg = Release|Any CPU
		{0DE1EE2E-D263-4FC2-B5CE-A4476D9C0050}.Release|Any CPU.Build.0 = Release|Any CPU
		{0093BCFE-2FB7-45E1-9EB3-7ECD94455A6E}.Debug|Any CPU.ActiveCfg = Debug|Any CPU
		{0093BCFE-2FB7-45E1-9EB3-7ECD94455A6E}.Debug|Any CPU.Build.0 = Debug|Any CPU
		{0093BCFE-2FB7-45E1-9EB3-7ECD94455A6E}.Release|Any CPU.ActiveCfg = Release|Any CPU
		{0093BCFE-2FB7-45E1-9EB3-7ECD94455A6E}.Release|Any CPU.Build.0 = Release|Any CPU
		{BB6947FC-48E6-4C3F-A692-CB68C481735C}.Debug|Any CPU.ActiveCfg = Debug|Any CPU
		{BB6947FC-48E6-4C3F-A692-CB68C481735C}.Debug|Any CPU.Build.0 = Debug|Any CPU
		{BB6947FC-48E6-4C3F-A692-CB68C481735C}.Release|Any CPU.ActiveCfg = Release|Any CPU
		{BB6947FC-48E6-4C3F-A692-CB68C481735C}.Release|Any CPU.Build.0 = Release|Any CPU
		{B7B10E1E-031F-4896-99F2-107ADAD488C7}.Debug|Any CPU.ActiveCfg = Debug|Any CPU
		{B7B10E1E-031F-4896-99F2-107ADAD488C7}.Debug|Any CPU.Build.0 = Debug|Any CPU
		{B7B10E1E-031F-4896-99F2-107ADAD488C7}.Release|Any CPU.ActiveCfg = Release|Any CPU
		{B7B10E1E-031F-4896-99F2-107ADAD488C7}.Release|Any CPU.Build.0 = Release|Any CPU
	EndGlobalSection
	GlobalSection(SolutionProperties) = preSolution
		HideSolutionNode = FALSE
	EndGlobalSection
	GlobalSection(NestedProjects) = preSolution
		{0DE1EE2E-D263-4FC2-B5CE-A4476D9C0050} = {857D5EED-B488-4FC4-AB75-C176F54E8874}
		{0093BCFE-2FB7-45E1-9EB3-7ECD94455A6E} = {857D5EED-B488-4FC4-AB75-C176F54E8874}
		{BB6947FC-48E6-4C3F-A692-CB68C481735C} = {857D5EED-B488-4FC4-AB75-C176F54E8874}
		{B7B10E1E-031F-4896-99F2-107ADAD488C7} = {857D5EED-B488-4FC4-AB75-C176F54E8874}
	EndGlobalSection
	GlobalSection(ExtensibilityGlobals) = postSolution
		SolutionGuid = {4C244A13-84AD-4D43-B779-5C8C473579F8}
	EndGlobalSection
EndGlobal
